
Microsoft Visual Studio Solution File, Format Version 12.00
# Visual Studio 15
VisualStudioVersion = 15.0.28307.779
MinimumVisualStudioVersion = 10.0.40219.1
Project("{8BC9CEB8-8B4A-11D0-8D11-00A0C91BC942}") = "DataStructures", "DataStructures\DataStructures.vcxproj", "{00A724E6-A56F-4BEE-8A46-BC26D330DC08}"
EndProject
Global
	GlobalSection(SolutionConfigurationPlatforms) = preSolution
		Debug|x64 = Debug|x64
		Debug|x86 = Debug|x86
		Release|x64 = Release|x64
		Release|x86 = Release|x86
	EndGlobalSection
	GlobalSection(ProjectConfigurationPlatforms) = postSolution
		{00A724E6-A56F-4BEE-8A46-BC26D330DC08}.Debug|x64.ActiveCfg = Debug|x64
		{00A724E6-A56F-4BEE-8A46-BC26D330DC08}.Debug|x64.Build.0 = Debug|x64
		{00A724E6-A56F-4BEE-8A46-BC26D330DC08}.Debug|x86.ActiveCfg = Debug|Win32
		{00A724E6-A56F-4BEE-8A46-BC26D330DC08}.Debug|x86.Build.0 = Debug|Win32
		{00A724E6-A56F-4BEE-8A46-BC26D330DC08}.Release|x64.ActiveCfg = Release|x64
		{00A724E6-A56F-4BEE-8A46-BC26D330DC08}.Release|x64.Build.0 = Release|x64
		{00A724E6-A56F-4BEE-8A46-BC26D330DC08}.Release|x86.ActiveCfg = Release|Win32
		{00A724E6-A56F-4BEE-8A46-BC26D330DC08}.Release|x86.Build.0 = Release|Win32
	EndGlobalSection
	GlobalSection(SolutionProperties) = preSolution
		HideSolutionNode = FALSE
	EndGlobalSection
	GlobalSection(ExtensibilityGlobals) = postSolution
		SolutionGuid = {4615E31F-7F0D-42AD-AD96-E8761B7476B3}
	EndGlobalSection
EndGlobal
